
Microsoft Visual Studio Solution File, Format Version 12.00
# Visual Studio Version 17
VisualStudioVersion = 17.7.34009.444
MinimumVisualStudioVersion = 10.0.40219.1
Project("{FAE04EC0-301F-11D3-BF4B-00C04F79EFBC}") = "calculat csharp", "calculat csharp.csproj", "{3E27F86E-0EAC-4347-A81D-AA151F97183F}"
EndProject
Project("{FAE04EC0-301F-11D3-BF4B-00C04F79EFBC}") = "class calculator", "..\class calculator\class calculator.csproj", "{BD8AAF00-CA20-4BBC-8917-FFAEE32E330E}"
EndProject
Global
	GlobalSection(SolutionConfigurationPlatforms) = preSolution
		Debug|Any CPU = Debug|Any CPU
		Release|Any CPU = Release|Any CPU
	EndGlobalSection
	GlobalSection(ProjectConfigurationPlatforms) = postSolution
		{3E27F86E-0EAC-4347-A81D-AA151F97183F}.Debug|Any CPU.ActiveCfg = Debug|Any CPU
		{3E27F86E-0EAC-4347-A81D-AA151F97183F}.Debug|Any CPU.Build.0 = Debug|Any CPU
		{3E27F86E-0EAC-4347-A81D-AA151F97183F}.Release|Any CPU.ActiveCfg = Release|Any CPU
		{3E27F86E-0EAC-4347-A81D-AA151F97183F}.Release|Any CPU.Build.0 = Release|Any CPU
		{BD8AAF00-CA20-4BBC-8917-FFAEE32E330E}.Debug|Any CPU.ActiveCfg = Debug|Any CPU
		{BD8AAF00-CA20-4BBC-8917-FFAEE32E330E}.Debug|Any CPU.Build.0 = Debug|Any CPU
		{BD8AAF00-CA20-4BBC-8917-FFAEE32E330E}.Release|Any CPU.ActiveCfg = Release|Any CPU
		{BD8AAF00-CA20-4BBC-8917-FFAEE32E330E}.Release|Any CPU.Build.0 = Release|Any CPU
	EndGlobalSection
	GlobalSection(SolutionProperties) = preSolution
		HideSolutionNode = FALSE
	EndGlobalSection
	GlobalSection(ExtensibilityGlobals) = postSolution
		SolutionGuid = {057ADCBE-18E3-40AF-94C4-7BA375A55FAF}
	EndGlobalSection
EndGlobal
